
Microsoft Visual Studio Solution File, Format Version 12.00
# Visual Studio Version 16
VisualStudioVersion = 16.0.30524.135
MinimumVisualStudioVersion = 10.0.40219.1
Project("{9A19103F-16F7-4668-BE54-9A1E7A4F7556}") = "sabatex.V1C8.Models", "src\sabatex.V1C8.Models\sabatex.V1C8.Models.csproj", "{CA453F00-DFE6-43EB-BECF-1504ECD57F34}"
EndProject
Project("{9A19103F-16F7-4668-BE54-9A1E7A4F7556}") = "sabatex.V1C8", "src\sabatex.V1C8\sabatex.V1C8.csproj", "{BAF15755-5A57-40DA-AF74-DFAFBEB29B0B}"
EndProject
Project("{2150E333-8FDC-42A3-9474-1A3956D46DE8}") = "Tests", "Tests", "{3E9C0436-70CA-423D-BB01-9620F5DC7BF3}"
EndProject
Project("{9A19103F-16F7-4668-BE54-9A1E7A4F7556}") = "sabatex.V1C8.XUnitTest", "sabatex.V1C8.XUnitTest\sabatex.V1C8.XUnitTest.csproj", "{DB504CF8-2FEA-474C-94F2-C73991F0B99E}"
EndProject
Project("{2150E333-8FDC-42A3-9474-1A3956D46DE8}") = "Solution Items", "Solution Items", "{35746AFC-7430-48C5-8CF8-A4E827CF75E8}"
	ProjectSection(SolutionItems) = preProject
		LICENSE.TXT = LICENSE.TXT
		README.md = README.md
	EndProjectSection
EndProject
Project("{9A19103F-16F7-4668-BE54-9A1E7A4F7556}") = "sabatex.V1C8.JSON", "sabatex.V1C8.JSON\sabatex.V1C8.JSON.csproj", "{00EBA18D-DB40-4078-A51A-3B6912F725A6}"
EndProject
Project("{FAE04EC0-301F-11D3-BF4B-00C04F79EFBC}") = "sabatex.V1C8.DataAnnotations", "sabatex.V1C8.DataAnnotations\sabatex.V1C8.DataAnnotations.csproj", "{D83A5B9E-B923-459F-9DCF-EF48CCE2314D}"
EndProject
Project("{FAE04EC0-301F-11D3-BF4B-00C04F79EFBC}") = "sabatex.V1C8.Extensions", "sabatex.V1C8.Extensions\sabatex.V1C8.Extensions.csproj", "{F4AC6496-5D1F-42FD-BC04-608ABE589AD8}"
EndProject
Global
	GlobalSection(SolutionConfigurationPlatforms) = preSolution
		Debug|Any CPU = Debug|Any CPU
		Release|Any CPU = Release|Any CPU
	EndGlobalSection
	GlobalSection(ProjectConfigurationPlatforms) = postSolution
		{CA453F00-DFE6-43EB-BECF-1504ECD57F34}.Debug|Any CPU.ActiveCfg = Debug|Any CPU
		{CA453F00-DFE6-43EB-BECF-1504ECD57F34}.Debug|Any CPU.Build.0 = Debug|Any CPU
		{CA453F00-DFE6-43EB-BECF-1504ECD57F34}.Release|Any CPU.ActiveCfg = Release|Any CPU
		{CA453F00-DFE6-43EB-BECF-1504ECD57F34}.Release|Any CPU.Build.0 = Release|Any CPU
		{BAF15755-5A57-40DA-AF74-DFAFBEB29B0B}.Debug|Any CPU.ActiveCfg = Debug|Any CPU
		{BAF15755-5A57-40DA-AF74-DFAFBEB29B0B}.Debug|Any CPU.Build.0 = Debug|Any CPU
		{BAF15755-5A57-40DA-AF74-DFAFBEB29B0B}.Release|Any CPU.ActiveCfg = Release|Any CPU
		{BAF15755-5A57-40DA-AF74-DFAFBEB29B0B}.Release|Any CPU.Build.0 = Release|Any CPU
		{DB504CF8-2FEA-474C-94F2-C73991F0B99E}.Debug|Any CPU.ActiveCfg = Debug|Any CPU
		{DB504CF8-2FEA-474C-94F2-C73991F0B99E}.Debug|Any CPU.Build.0 = Debug|Any CPU
		{DB504CF8-2FEA-474C-94F2-C73991F0B99E}.Release|Any CPU.ActiveCfg = Release|Any CPU
		{DB504CF8-2FEA-474C-94F2-C73991F0B99E}.Release|Any CPU.Build.0 = Release|Any CPU
		{00EBA18D-DB40-4078-A51A-3B6912F725A6}.Debug|Any CPU.ActiveCfg = Debug|Any CPU
		{00EBA18D-DB40-4078-A51A-3B6912F725A6}.Debug|Any CPU.Build.0 = Debug|Any CPU
		{00EBA18D-DB40-4078-A51A-3B6912F725A6}.Release|Any CPU.ActiveCfg = Release|Any CPU
		{00EBA18D-DB40-4078-A51A-3B6912F725A6}.Release|Any CPU.Build.0 = Release|Any CPU
		{D83A5B9E-B923-459F-9DCF-EF48CCE2314D}.Debug|Any CPU.ActiveCfg = Debug|Any CPU
		{D83A5B9E-B923-459F-9DCF-EF48CCE2314D}.Debug|Any CPU.Build.0 = Debug|Any CPU
		{D83A5B9E-B923-459F-9DCF-EF48CCE2314D}.Release|Any CPU.ActiveCfg = Release|Any CPU
		{D83A5B9E-B923-459F-9DCF-EF48CCE2314D}.Release|Any CPU.Build.0 = Release|Any CPU
		{F4AC6496-5D1F-42FD-BC04-608ABE589AD8}.Debug|Any CPU.ActiveCfg = Debug|Any CPU
		{F4AC6496-5D1F-42FD-BC04-608ABE589AD8}.Debug|Any CPU.Build.0 = Debug|Any CPU
		{F4AC6496-5D1F-42FD-BC04-608ABE589AD8}.Release|Any CPU.ActiveCfg = Release|Any CPU
		{F4AC6496-5D1F-42FD-BC04-608ABE589AD8}.Release|Any CPU.Build.0 = Release|Any CPU
	EndGlobalSection
	GlobalSection(SolutionProperties) = preSolution
		HideSolutionNode = FALSE
	EndGlobalSection
	GlobalSection(NestedProjects) = preSolution
		{DB504CF8-2FEA-474C-94F2-C73991F0B99E} = {3E9C0436-70CA-423D-BB01-9620F5DC7BF3}
	EndGlobalSection
	GlobalSection(ExtensibilityGlobals) = postSolution
		SolutionGuid = {82302B92-357C-4D3F-A812-9A8F07BAEAFC}
	EndGlobalSection
EndGlobal
